PODS:
  - Alamofire (4.7.2)
  - FSCalendar (2.7.9)
  - ImageSlideshow (1.5.3):
    - ImageSlideshow/Core (= 1.5.3)
  - ImageSlideshow/Core (1.5.3)
  - ImageSlideshow/Kingfisher (1.5.3):
    - ImageSlideshow/Core
    - Kingfisher (> 3.0)
  - IQKeyboardManagerSwift (5.0.0)
  - Kingfisher (4.7.0)
  - Realm (3.5.0):
    - Realm/Headers (= 3.5.0)
  - Realm/Headers (3.5.0)
  - RealmSwift (3.5.0):
    - Realm (= 3.5.0)
  - SwiftyJSON (4.1.0)
  - Toast-Swift (3.0.1)

DEPENDENCIES:
  - Alamofire (~> 4.5)
  - FSCalendar
  - ImageSlideshow (~> 1.4)
  - ImageSlideshow/Kingfisher
  - IQKeyboardManagerSwift (= 5.0.0)
  - Kingfisher
  - RealmSwift
  - SwiftyJSON
  - Toast-Swift (~> 3.0.1)

SPEC CHECKSUMS:
  Alamofire: e4fa87002c137ba2d8d634d2c51fabcda0d5c223
  FSCalendar: a04b09f16f811bc92e82f3cf852a15225233b9d5
  ImageSlideshow: 24a1184909f589379ba2527ebcc77996881bb1f2
  IQKeyboardManagerSwift: 3f340202ebe1a7076279b9b9b3c817243ddb3aab
  Kingfisher: da6b005aa96d37698e3e4f1ccfe96a5b9bbf27d6
  Realm: 0378021c424e4e2bd6a0e63b27881e929d9b9ad1
  RealmSwift: 3322562622fda2ad596985ead4d8d8be30cf838c
  SwiftyJSON: c29297daf073d2aa016295d5809cdd68045c39b3
  Toast-Swift: ba0b01b095aada709d915f9beb1d38184a2721c3

PODFILE CHECKSUM: 1108fa3f522fe40e61dc5518b0757a705a805259

COCOAPODS: 1.3.1
